{
  "name": "noa",
  "version": "1.0.0",
  "lockfileVersion": 3,
  "requires": true,
  "packages": {
    "": {
      "name": "noa",
      "version": "1.0.0",
      "license": "ISC",
      "dependencies": {
        "node-on-android": "^0.0.2"
      }
    },
    "node_modules/minimist": {
      "version": "1.2.8",
      "resolved": "https://registry.npmjs.org/minimist/-/minimist-1.2.8.tgz",
      "integrity": "sha512-2yyAR8qBkN3YuheJanUpWC5U3bb5osDywNB8RzDVlDwDHbocAJveqqj1u8+SVD7jkWT4yvsHCpWqqWqAxb0zCA==",
      "funding": {
        "url": "https://github.com/sponsors/ljharb"
      }
    },
    "node_modules/mkdirp": {
      "version": "0.5.6",
      "resolved": "https://registry.npmjs.org/mkdirp/-/mkdirp-0.5.6.tgz",
      "integrity": "sha512-FP+p8RB8OWpF3YZBCrP5gtADmtXApB5AMLn+vdyA+PyxCjrCs00mjyUozssO33cwDeT3wNGdLxJ5M//YqtHAJw==",
      "dependencies": {
        "minimist": "^1.2.6"
      },
      "bin": {
        "mkdirp": "bin/cmd.js"
      }
    },
    "node_modules/node-on-android": {
      "version": "0.0.2",
      "resolved": "https://registry.npmjs.org/node-on-android/-/node-on-android-0.0.2.tgz",
      "integrity": "sha512-pKMjMX+4fgef6nfFlZQis2WM1UAUPrBpwa9RTchAG6escCqLNrtcJImKku+ayGs6FRP86OQEa3mQ63KejjfSCQ==",
      "dependencies": {
        "minimist": "^1.2.0",
        "mkdirp": "^0.5.1"
      },
      "bin": {
        "node-on-android": "bin.js"
      }
    }
  }
}
